// !$*UTF8*$!
{
	archiveVersion = 1;
	classes = {
	};
	objectVersion = 77;
	objects = {

/* Begin PBXBuildFile section */
		0573AF149E7951171BDA744A /* WorkoutsView.swift in Sources */ = {isa = PBXBuildFile; fileRef = 983ACAD4B3DA76952EE230B0 /* WorkoutsView.swift */; };
		0861248F5FD26DA813F7F51E /* SessionManager.swift in Sources */ = {isa = PBXBuildFile; fileRef = 341E53D954255EDDF453DAD0 /* SessionManager.swift */; };
		0AB89066F39FB715745B16AA /* APIClient.swift in Sources */ = {isa = PBXBuildFile; fileRef = 4FA359D79631A93F7002539B /* APIClient.swift */; };
		0F3903D5F25A814BBA35626E /* AngleCalculator.swift in Sources */ = {isa = PBXBuildFile; fileRef = CA323270A69C11C8BF0D6F6A /* AngleCalculator.swift */; };
		165E4E58B4417F1BAD698FD5 /* PoseDetector.swift in Sources */ = {isa = PBXBuildFile; fileRef = 830CBDFB1EFA271E97EBECF4 /* PoseDetector.swift */; };
		17E73CEDCB00F5FC13E65B80 /* JointSmoother.swift in Sources */ = {isa = PBXBuildFile; fileRef = B01D522E4405EE16266173A6 /* JointSmoother.swift */; };
		1CCF4C36D9ECFD86305B0196 /* FormCoachApp.swift in Sources */ = {isa = PBXBuildFile; fileRef = 9CC8786B97AE2DCE6550C840 /* FormCoachApp.swift */; };
		3263BA2A801EC8F7595AD9C3 /* Supabase in Frameworks */ = {isa = PBXBuildFile; productRef = 993F7ACA09176BFED3DBDA41 /* Supabase */; };
		4DFF81A7F3BBDC3F3F7C6240 /* LoginView.swift in Sources */ = {isa = PBXBuildFile; fileRef = 287B3415EFC6A0F6C9B9E815 /* LoginView.swift */; };
		5832CD9670B322BEFBD4BB27 /* RepCounter.swift in Sources */ = {isa = PBXBuildFile; fileRef = 0E1FA9DF73584640219474D7 /* RepCounter.swift */; };
		5A4C72094B9237779855DF5F /* SessionAnalyzer.swift in Sources */ = {isa = PBXBuildFile; fileRef = 5F1D9C7D6838A13C0781126F /* SessionAnalyzer.swift */; };
		5D411ED2D2531898615763A9 /* DashboardView.swift in Sources */ = {isa = PBXBuildFile; fileRef = D6B2410EA36167BBD8B4A69E /* DashboardView.swift */; };
		5DC1F58222CA4C9D431B3679 /* AudioCoach.swift in Sources */ = {isa = PBXBuildFile; fileRef = D3285ACD5B719C95BD760F51 /* AudioCoach.swift */; };
		5E3D4372131686F8F52CDC1E /* AuthComponents.swift in Sources */ = {isa = PBXBuildFile; fileRef = 3E8F9620B9BF96B1A0F1DB2A /* AuthComponents.swift */; };
		6187C6BC994BBD2363832342 /* ReportView.swift in Sources */ = {isa = PBXBuildFile; fileRef = CB248E63EBF7AC84DC219816 /* ReportView.swift */; };
		637E99494431088EAC488307 /* SignUpView.swift in Sources */ = {isa = PBXBuildFile; fileRef = 3FDCFED2C92E13447B6221A6 /* SignUpView.swift */; };
		642EC38A0894EDBB686401BA /* CameraPreviewView.swift in Sources */ = {isa = PBXBuildFile; fileRef = 7D3EF0C92FE28ED4864986F0 /* CameraPreviewView.swift */; };
		6A33FC567A870FFDCE10CC5D /* RootView.swift in Sources */ = {isa = PBXBuildFile; fileRef = 4D3D6375EEFCE5E9DBF297EB /* RootView.swift */; };
		6B62DB76F70FBFADF4A9021D /* InsightsView.swift in Sources */ = {isa = PBXBuildFile; fileRef = AED210B3C82421F6C13CC170 /* InsightsView.swift */; };
		7112368C05E46E0B3AE1117C /* OnboardingView.swift in Sources */ = {isa = PBXBuildFile; fileRef = 7DB3EC2FA5C9BEF44A0A547F /* OnboardingView.swift */; };
		8DB0324ED4C52FE52C5C0AD7 /* WelcomeView.swift in Sources */ = {isa = PBXBuildFile; fileRef = 9362D4BEB5B3853B9FE8A676 /* WelcomeView.swift */; };
		8FE4AE89C32618A7C295288D /* CameraManager.swift in Sources */ = {isa = PBXBuildFile; fileRef = 1C9417E8D949BA1B5007E6B1 /* CameraManager.swift */; };
		9C3ADCB65526040D9C1EEA66 /* APIModels.swift in Sources */ = {isa = PBXBuildFile; fileRef = C010475E7828F441FCAAA858 /* APIModels.swift */; };
		AB1674FCAAC82C7A2F54F47E /* UserStore.swift in Sources */ = {isa = PBXBuildFile; fileRef = 2B59EFEEBF04F11B40C5F3E7 /* UserStore.swift */; };
		B3AB049F6635C8A3011BFF52 /* BodyPose.swift in Sources */ = {isa = PBXBuildFile; fileRef = 2FF58778F364ECCB08FD2B04 /* BodyPose.swift */; };
		B78E369499C45B68DB8C78AD /* SessionView.swift in Sources */ = {isa = PBXBuildFile; fileRef = AF25BA86EDCA0287DF5C5AA2 /* SessionView.swift */; };
		D47F29C7C05497B8355246DB /* OverlayRenderer.swift in Sources */ = {isa = PBXBuildFile; fileRef = 826CB73E5F435C87EB55B4F0 /* OverlayRenderer.swift */; };
		DB6559313455B59DF4358C4A /* Theme.swift in Sources */ = {isa = PBXBuildFile; fileRef = 7E6AA033861E8E271824C305 /* Theme.swift */; };
		E4EB03FD18D0CCBBC9B2078A /* ExerciseClassifier.swift in Sources */ = {isa = PBXBuildFile; fileRef = BFAC99FCFFC5A354C1C4911B /* ExerciseClassifier.swift */; };
		EED83420C3D91B2F983764A1 /* AuthManager.swift in Sources */ = {isa = PBXBuildFile; fileRef = 6413E4A1F80F597E05BC7BEC /* AuthManager.swift */; };
		F110D17026DAB7BFCBE98302 /* ProfileView.swift in Sources */ = {isa = PBXBuildFile; fileRef = E34858886ECC02EF474FAD4E /* ProfileView.swift */; };
		F9EC50D83056199EB2583138 /* FormComparator.swift in Sources */ = {isa = PBXBuildFile; fileRef = A0FFD2536302CEE7DB8BA2A1 /* FormComparator.swift */; };
/* End PBXBuildFile section */

/* Begin PBXFileReference section */
		0E1FA9DF73584640219474D7 /* RepCounter.swift */ = {isa = PBXFileReference; lastKnownFileType = sourcecode.swift; path = RepCounter.swift; sourceTree = "<group>"; };
		1C9417E8D949BA1B5007E6B1 /* CameraManager.swift */ = {isa = PBXFileReference; lastKnownFileType = sourcecode.swift; path = CameraManager.swift; sourceTree = "<group>"; };
		287B3415EFC6A0F6C9B9E815 /* LoginView.swift */ = {isa = PBXFileReference; lastKnownFileType = sourcecode.swift; path = LoginView.swift; sourceTree = "<group>"; };
		2B59EFEEBF04F11B40C5F3E7 /* UserStore.swift */ = {isa = PBXFileReference; lastKnownFileType = sourcecode.swift; path = UserStore.swift; sourceTree = "<group>"; };
		2FF58778F364ECCB08FD2B04 /* BodyPose.swift */ = {isa = PBXFileReference; lastKnownFileType = sourcecode.swift; path = BodyPose.swift; sourceTree = "<group>"; };
		341E53D954255EDDF453DAD0 /* SessionManager.swift */ = {isa = PBXFileReference; lastKnownFileType = sourcecode.swift; path = SessionManager.swift; sourceTree = "<group>"; };
		3E8F9620B9BF96B1A0F1DB2A /* AuthComponents.swift */ = {isa = PBXFileReference; lastKnownFileType = sourcecode.swift; path = AuthComponents.swift; sourceTree = "<group>"; };
		3FDCFED2C92E13447B6221A6 /* SignUpView.swift */ = {isa = PBXFileReference; lastKnownFileType = sourcecode.swift; path = SignUpView.swift; sourceTree = "<group>"; };
		4D3D6375EEFCE5E9DBF297EB /* RootView.swift */ = {isa = PBXFileReference; lastKnownFileType = sourcecode.swift; path = RootView.swift; sourceTree = "<group>"; };
		4FA359D79631A93F7002539B /* APIClient.swift */ = {isa = PBXFileReference; lastKnownFileType = sourcecode.swift; path = APIClient.swift; sourceTree = "<group>"; };
		5F1D9C7D6838A13C0781126F /* SessionAnalyzer.swift */ = {isa = PBXFileReference; lastKnownFileType = sourcecode.swift; path = SessionAnalyzer.swift; sourceTree = "<group>"; };
		6413E4A1F80F597E05BC7BEC /* AuthManager.swift */ = {isa = PBXFileReference; lastKnownFileType = sourcecode.swift; path = AuthManager.swift; sourceTree = "<group>"; };
		7D3EF0C92FE28ED4864986F0 /* CameraPreviewView.swift */ = {isa = PBXFileReference; lastKnownFileType = sourcecode.swift; path = CameraPreviewView.swift; sourceTree = "<group>"; };
		7DB3EC2FA5C9BEF44A0A547F /* OnboardingView.swift */ = {isa = PBXFileReference; lastKnownFileType = sourcecode.swift; path = OnboardingView.swift; sourceTree = "<group>"; };
		7E6AA033861E8E271824C305 /* Theme.swift */ = {isa = PBXFileReference; lastKnownFileType = sourcecode.swift; path = Theme.swift; sourceTree = "<group>"; };
		826CB73E5F435C87EB55B4F0 /* OverlayRenderer.swift */ = {isa = PBXFileReference; lastKnownFileType = sourcecode.swift; path = OverlayRenderer.swift; sourceTree = "<group>"; };
		830CBDFB1EFA271E97EBECF4 /* PoseDetector.swift */ = {isa = PBXFileReference; lastKnownFileType = sourcecode.swift; path = PoseDetector.swift; sourceTree = "<group>"; };
		9362D4BEB5B3853B9FE8A676 /* WelcomeView.swift */ = {isa = PBXFileReference; lastKnownFileType = sourcecode.swift; path = WelcomeView.swift; sourceTree = "<group>"; };
		983ACAD4B3DA76952EE230B0 /* WorkoutsView.swift */ = {isa = PBXFileReference; lastKnownFileType = sourcecode.swift; path = WorkoutsView.swift; sourceTree = "<group>"; };
		9B20E3092184411731E2AA7B /* FormCoach.app */ = {isa = PBXFileReference; includeInIndex = 0; lastKnownFileType = wrapper.application; path = FormCoach.app; sourceTree = BUILT_PRODUCTS_DIR; };
		9CC8786B97AE2DCE6550C840 /* FormCoachApp.swift */ = {isa = PBXFileReference; lastKnownFileType = sourcecode.swift; path = FormCoachApp.swift; sourceTree = "<group>"; };
		A0FFD2536302CEE7DB8BA2A1 /* FormComparator.swift */ = {isa = PBXFileReference; lastKnownFileType = sourcecode.swift; path = FormComparator.swift; sourceTree = "<group>"; };
		AED210B3C82421F6C13CC170 /* InsightsView.swift */ = {isa = PBXFileReference; lastKnownFileType = sourcecode.swift; path = InsightsView.swift; sourceTree = "<group>"; };
		AF25BA86EDCA0287DF5C5AA2 /* SessionView.swift */ = {isa = PBXFileReference; lastKnownFileType = sourcecode.swift; path = SessionView.swift; sourceTree = "<group>"; };
		B01D522E4405EE16266173A6 /* JointSmoother.swift */ = {isa = PBXFileReference; lastKnownFileType = sourcecode.swift; path = JointSmoother.swift; sourceTree = "<group>"; };
		B248B2786CD5AFDB35A667F5 /* Info.plist */ = {isa = PBXFileReference; lastKnownFileType = text.plist; path = Info.plist; sourceTree = "<group>"; };
		BFAC99FCFFC5A354C1C4911B /* ExerciseClassifier.swift */ = {isa = PBXFileReference; lastKnownFileType = sourcecode.swift; path = ExerciseClassifier.swift; sourceTree = "<group>"; };
		C010475E7828F441FCAAA858 /* APIModels.swift */ = {isa = PBXFileReference; lastKnownFileType = sourcecode.swift; path = APIModels.swift; sourceTree = "<group>"; };
		CA323270A69C11C8BF0D6F6A /* AngleCalculator.swift */ = {isa = PBXFileReference; lastKnownFileType = sourcecode.swift; path = AngleCalculator.swift; sourceTree = "<group>"; };
		CB248E63EBF7AC84DC219816 /* ReportView.swift */ = {isa = PBXFileReference; lastKnownFileType = sourcecode.swift; path = ReportView.swift; sourceTree = "<group>"; };
		D3285ACD5B719C95BD760F51 /* AudioCoach.swift */ = {isa = PBXFileReference; lastKnownFileType = sourcecode.swift; path = AudioCoach.swift; sourceTree = "<group>"; };
		D6B2410EA36167BBD8B4A69E /* DashboardView.swift */ = {isa = PBXFileReference; lastKnownFileType = sourcecode.swift; path = DashboardView.swift; sourceTree = "<group>"; };
		E34858886ECC02EF474FAD4E /* ProfileView.swift */ = {isa = PBXFileReference; lastKnownFileType = sourcecode.swift; path = ProfileView.swift; sourceTree = "<group>"; };
/* End PBXFileReference section */

/* Begin PBXFrameworksBuildPhase section */
		A805D53D0D718C867A7EB63C /* Frameworks */ = {
			isa = PBXFrameworksBuildPhase;
			buildActionMask = 2147483647;
			files = (
				3263BA2A801EC8F7595AD9C3 /* Supabase in Frameworks */,
			);
			runOnlyForDeploymentPostprocessing = 0;
		};
/* End PBXFrameworksBuildPhase section */

/* Begin PBXGroup section */
		2AFBDF4E8E47A7436374309B /* UI */ = {
			isa = PBXGroup;
			children = (
				3E8F9620B9BF96B1A0F1DB2A /* AuthComponents.swift */,
				7D3EF0C92FE28ED4864986F0 /* CameraPreviewView.swift */,
				D6B2410EA36167BBD8B4A69E /* DashboardView.swift */,
				AED210B3C82421F6C13CC170 /* InsightsView.swift */,
				287B3415EFC6A0F6C9B9E815 /* LoginView.swift */,
				7DB3EC2FA5C9BEF44A0A547F /* OnboardingView.swift */,
				826CB73E5F435C87EB55B4F0 /* OverlayRenderer.swift */,
				E34858886ECC02EF474FAD4E /* ProfileView.swift */,
				CB248E63EBF7AC84DC219816 /* ReportView.swift */,
				4D3D6375EEFCE5E9DBF297EB /* RootView.swift */,
				AF25BA86EDCA0287DF5C5AA2 /* SessionView.swift */,
				3FDCFED2C92E13447B6221A6 /* SignUpView.swift */,
				7E6AA033861E8E271824C305 /* Theme.swift */,
				9362D4BEB5B3853B9FE8A676 /* WelcomeView.swift */,
				983ACAD4B3DA76952EE230B0 /* WorkoutsView.swift */,
			);
			path = UI;
			sourceTree = "<group>";
		};
		57EEE8604A7DCF7C0BA65DA7 = {
			isa = PBXGroup;
			children = (
				77CEFFF3B454E4B87AFF8D5E /* FormCoach */,
				8E1FE1762CAD0FAA29597D36 /* Products */,
			);
			sourceTree = "<group>";
		};
		77CEFFF3B454E4B87AFF8D5E /* FormCoach */ = {
			isa = PBXGroup;
			children = (
				DDE3B61A20256A26228F59FC /* Analysis */,
				D1726E20ACEE962ECD15E3C3 /* App */,
				E6349ADA243A27667E9DA329 /* Camera */,
				C4B00D2BA6198ED831B338B2 /* Feedback */,
				BF395A3CA57946B164D02ED6 /* Networking */,
				A087D38E02D7106CFC81F5A4 /* Pose */,
				D0B03D3EA3FFCD0ABA1BBC6F /* Session */,
				2AFBDF4E8E47A7436374309B /* UI */,
				B248B2786CD5AFDB35A667F5 /* Info.plist */,
			);
			path = FormCoach;
			sourceTree = "<group>";
		};
		8E1FE1762CAD0FAA29597D36 /* Products */ = {
			isa = PBXGroup;
			children = (
				9B20E3092184411731E2AA7B /* FormCoach.app */,
			);
			name = Products;
			sourceTree = "<group>";
		};
		A087D38E02D7106CFC81F5A4 /* Pose */ = {
			isa = PBXGroup;
			children = (
				2FF58778F364ECCB08FD2B04 /* BodyPose.swift */,
				B01D522E4405EE16266173A6 /* JointSmoother.swift */,
				830CBDFB1EFA271E97EBECF4 /* PoseDetector.swift */,
			);
			path = Pose;
			sourceTree = "<group>";
		};
		BF395A3CA57946B164D02ED6 /* Networking */ = {
			isa = PBXGroup;
			children = (
				4FA359D79631A93F7002539B /* APIClient.swift */,
				C010475E7828F441FCAAA858 /* APIModels.swift */,
			);
			path = Networking;
			sourceTree = "<group>";
		};
		C4B00D2BA6198ED831B338B2 /* Feedback */ = {
			isa = PBXGroup;
			children = (
				D3285ACD5B719C95BD760F51 /* AudioCoach.swift */,
				0E1FA9DF73584640219474D7 /* RepCounter.swift */,
			);
			path = Feedback;
			sourceTree = "<group>";
		};
		D0B03D3EA3FFCD0ABA1BBC6F /* Session */ = {
			isa = PBXGroup;
			children = (
				6413E4A1F80F597E05BC7BEC /* AuthManager.swift */,
				341E53D954255EDDF453DAD0 /* SessionManager.swift */,
				2B59EFEEBF04F11B40C5F3E7 /* UserStore.swift */,
			);
			path = Session;
			sourceTree = "<group>";
		};
		D1726E20ACEE962ECD15E3C3 /* App */ = {
			isa = PBXGroup;
			children = (
				9CC8786B97AE2DCE6550C840 /* FormCoachApp.swift */,
			);
			path = App;
			sourceTree = "<group>";
		};
		DDE3B61A20256A26228F59FC /* Analysis */ = {
			isa = PBXGroup;
			children = (
				CA323270A69C11C8BF0D6F6A /* AngleCalculator.swift */,
				BFAC99FCFFC5A354C1C4911B /* ExerciseClassifier.swift */,
				A0FFD2536302CEE7DB8BA2A1 /* FormComparator.swift */,
				5F1D9C7D6838A13C0781126F /* SessionAnalyzer.swift */,
			);
			path = Analysis;
			sourceTree = "<group>";
		};
		E6349ADA243A27667E9DA329 /* Camera */ = {
			isa = PBXGroup;
			children = (
				1C9417E8D949BA1B5007E6B1 /* CameraManager.swift */,
			);
			path = Camera;
			sourceTree = "<group>";
		};
/* End PBXGroup section */

/* Begin PBXNativeTarget section */
		7ED3A49BE82B52AA079AF424 /* FormCoach */ = {
			isa = PBXNativeTarget;
			buildConfigurationList = 2915047BEA5FABEC10D5A77E /* Build configuration list for PBXNativeTarget "FormCoach" */;
			buildPhases = (
				2C401ADF5F512C4C34602AA7 /* Sources */,
				A805D53D0D718C867A7EB63C /* Frameworks */,
			);
			buildRules = (
			);
			dependencies = (
			);
			name = FormCoach;
			packageProductDependencies = (
				993F7ACA09176BFED3DBDA41 /* Supabase */,
			);
			productName = FormCoach;
			productReference = 9B20E3092184411731E2AA7B /* FormCoach.app */;
			productType = "com.apple.product-type.application";
		};
/* End PBXNativeTarget section */

/* Begin PBXProject section */
		040B7D6603090F291E908DEF /* Project object */ = {
			isa = PBXProject;
			attributes = {
				BuildIndependentTargetsInParallel = YES;
				LastUpgradeCheck = 1430;
				TargetAttributes = {
					7ED3A49BE82B52AA079AF424 = {
						DevelopmentTeam = K483SM3VJC;
						ProvisioningStyle = Automatic;
					};
				};
			};
			buildConfigurationList = B5BD037348CD67BC2F582BE6 /* Build configuration list for PBXProject "FormCoach" */;
			developmentRegion = en;
			hasScannedForEncodings = 0;
			knownRegions = (
				Base,
				en,
			);
			mainGroup = 57EEE8604A7DCF7C0BA65DA7;
			minimizedProjectReferenceProxies = 1;
			packageReferences = (
				21FFCB53C1C9D605D264D0BA /* XCRemoteSwiftPackageReference "supabase-swift" */,
			);
			preferredProjectObjectVersion = 77;
			productRefGroup = 8E1FE1762CAD0FAA29597D36 /* Products */;
			projectDirPath = "";
			projectRoot = "";
			targets = (
				7ED3A49BE82B52AA079AF424 /* FormCoach */,
			);
		};
/* End PBXProject section */

/* Begin PBXSourcesBuildPhase section */
		2C401ADF5F512C4C34602AA7 /* Sources */ = {
			isa = PBXSourcesBuildPhase;
			buildActionMask = 2147483647;
			files = (
				0AB89066F39FB715745B16AA /* APIClient.swift in Sources */,
				9C3ADCB65526040D9C1EEA66 /* APIModels.swift in Sources */,
				0F3903D5F25A814BBA35626E /* AngleCalculator.swift in Sources */,
				5DC1F58222CA4C9D431B3679 /* AudioCoach.swift in Sources */,
				5E3D4372131686F8F52CDC1E /* AuthComponents.swift in Sources */,
				EED83420C3D91B2F983764A1 /* AuthManager.swift in Sources */,
				B3AB049F6635C8A3011BFF52 /* BodyPose.swift in Sources */,
				8FE4AE89C32618A7C295288D /* CameraManager.swift in Sources */,
				642EC38A0894EDBB686401BA /* CameraPreviewView.swift in Sources */,
				5D411ED2D2531898615763A9 /* DashboardView.swift in Sources */,
				E4EB03FD18D0CCBBC9B2078A /* ExerciseClassifier.swift in Sources */,
				1CCF4C36D9ECFD86305B0196 /* FormCoachApp.swift in Sources */,
				F9EC50D83056199EB2583138 /* FormComparator.swift in Sources */,
				6B62DB76F70FBFADF4A9021D /* InsightsView.swift in Sources */,
				17E73CEDCB00F5FC13E65B80 /* JointSmoother.swift in Sources */,
				4DFF81A7F3BBDC3F3F7C6240 /* LoginView.swift in Sources */,
				7112368C05E46E0B3AE1117C /* OnboardingView.swift in Sources */,
				D47F29C7C05497B8355246DB /* OverlayRenderer.swift in Sources */,
				165E4E58B4417F1BAD698FD5 /* PoseDetector.swift in Sources */,
				F110D17026DAB7BFCBE98302 /* ProfileView.swift in Sources */,
				5832CD9670B322BEFBD4BB27 /* RepCounter.swift in Sources */,
				6187C6BC994BBD2363832342 /* ReportView.swift in Sources */,
				6A33FC567A870FFDCE10CC5D /* RootView.swift in Sources */,
				5A4C72094B9237779855DF5F /* SessionAnalyzer.swift in Sources */,
				0861248F5FD26DA813F7F51E /* SessionManager.swift in Sources */,
				B78E369499C45B68DB8C78AD /* SessionView.swift in Sources */,
				637E99494431088EAC488307 /* SignUpView.swift in Sources */,
				DB6559313455B59DF4358C4A /* Theme.swift in Sources */,
				AB1674FCAAC82C7A2F54F47E /* UserStore.swift in Sources */,
				8DB0324ED4C52FE52C5C0AD7 /* WelcomeView.swift in Sources */,
				0573AF149E7951171BDA744A /* WorkoutsView.swift in Sources */,
			);
			runOnlyForDeploymentPostprocessing = 0;
		};
/* End PBXSourcesBuildPhase section */

/* Begin XCBuildConfiguration section */
		4149B5FDD9A2DFE887901717 /* Debug */ = {
			isa = XCBuildConfiguration;
			buildSettings = {
				ASSETCATALOG_COMPILER_APPICON_NAME = AppIcon;
				CODE_SIGN_IDENTITY = "iPhone Developer";
				CODE_SIGN_STYLE = Automatic;
				DEVELOPMENT_TEAM = K483SM3VJC;
				INFOPLIST_FILE = FormCoach/Info.plist;
				IPHONEOS_DEPLOYMENT_TARGET = 17.0;
				LD_RUNPATH_SEARCH_PATHS = (
					"$(inherited)",
					"@executable_path/Frameworks",
				);
				PRODUCT_BUNDLE_IDENTIFIER = com.rasul.formcoach;
				PRODUCT_NAME = FormCoach;
				SDKROOT = iphoneos;
				TARGETED_DEVICE_FAMILY = "1,2";
			};
			name = Debug;
		};
		5C43473D13D353C292142D99 /* Release */ = {
			isa = XCBuildConfiguration;
			buildSettings = {
				ALWAYS_SEARCH_USER_PATHS = NO;
				CLANG_ANALYZER_NONNULL = YES;
				CLANG_ANALYZER_NUMBER_OBJECT_CONVERSION = YES_AGGRESSIVE;
				CLANG_CXX_LANGUAGE_STANDARD = "gnu++14";
				CLANG_CXX_LIBRARY = "libc++";
				CLANG_ENABLE_MODULES = YES;
				CLANG_ENABLE_OBJC_ARC = YES;
				CLANG_ENABLE_OBJC_WEAK = YES;
				CLANG_WARN_BLOCK_CAPTURE_AUTORELEASING = YES;
				CLANG_WARN_BOOL_CONVERSION = YES;
				CLANG_WARN_COMMA = YES;
				CLANG_WARN_CONSTANT_CONVERSION = YES;
				CLANG_WARN_DEPRECATED_OBJC_IMPLEMENTATIONS = YES;
				CLANG_WARN_DIRECT_OBJC_ISA_USAGE = YES_ERROR;
				CLANG_WARN_DOCUMENTATION_COMMENTS = YES;
				CLANG_WARN_EMPTY_BODY = YES;
				CLANG_WARN_ENUM_CONVERSION = YES;
				CLANG_WARN_INFINITE_RECURSION = YES;
				CLANG_WARN_INT_CONVERSION = YES;
				CLANG_WARN_NON_LITERAL_NULL_CONVERSION = YES;
				CLANG_WARN_OBJC_IMPLICIT_RETAIN_SELF = YES;
				CLANG_WARN_OBJC_LITERAL_CONVERSION = YES;
				CLANG_WARN_OBJC_ROOT_CLASS = YES_ERROR;
				CLANG_WARN_QUOTED_INCLUDE_IN_FRAMEWORK_HEADER = YES;
				CLANG_WARN_RANGE_LOOP_ANALYSIS = YES;
				CLANG_WARN_STRICT_PROTOTYPES = YES;
				CLANG_WARN_SUSPICIOUS_MOVE = YES;
				CLANG_WARN_UNGUARDED_AVAILABILITY = YES_AGGRESSIVE;
				CLANG_WARN_UNREACHABLE_CODE = YES;
				CLANG_WARN__DUPLICATE_METHOD_MATCH = YES;
				COPY_PHASE_STRIP = NO;
				DEBUG_INFORMATION_FORMAT = "dwarf-with-dsym";
				ENABLE_NS_ASSERTIONS = NO;
				ENABLE_PREVIEWS = YES;
				ENABLE_STRICT_OBJC_MSGSEND = YES;
				GCC_C_LANGUAGE_STANDARD = gnu11;
				GCC_NO_COMMON_BLOCKS = YES;
				GCC_WARN_64_TO_32_BIT_CONVERSION = YES;
				GCC_WARN_ABOUT_RETURN_TYPE = YES_ERROR;
				GCC_WARN_UNDECLARED_SELECTOR = YES;
				GCC_WARN_UNINITIALIZED_AUTOS = YES_AGGRESSIVE;
				GCC_WARN_UNUSED_FUNCTION = YES;
				GCC_WARN_UNUSED_VARIABLE = YES;
				IPHONEOS_DEPLOYMENT_TARGET = 17.0;
				MTL_ENABLE_DEBUG_INFO = NO;
				MTL_FAST_MATH = YES;
				PRODUCT_NAME = "$(TARGET_NAME)";
				SDKROOT = iphoneos;
				SWIFT_COMPILATION_MODE = wholemodule;
				SWIFT_OPTIMIZATION_LEVEL = "-O";
				SWIFT_VERSION = 5.9;
			};
			name = Release;
		};
		A36B56D3B8A4CABEDBB5B794 /* Release */ = {
			isa = XCBuildConfiguration;
			buildSettings = {
				ASSETCATALOG_COMPILER_APPICON_NAME = AppIcon;
				CODE_SIGN_IDENTITY = "iPhone Developer";
				CODE_SIGN_STYLE = Automatic;
				DEVELOPMENT_TEAM = K483SM3VJC;
				INFOPLIST_FILE = FormCoach/Info.plist;
				IPHONEOS_DEPLOYMENT_TARGET = 17.0;
				LD_RUNPATH_SEARCH_PATHS = (
					"$(inherited)",
					"@executable_path/Frameworks",
				);
				PRODUCT_BUNDLE_IDENTIFIER = com.rasul.formcoach;
				PRODUCT_NAME = FormCoach;
				SDKROOT = iphoneos;
				TARGETED_DEVICE_FAMILY = "1,2";
			};
			name = Release;
		};
		F94C2CF8B02128E799D648DE /* Debug */ = {
			isa = XCBuildConfiguration;
			buildSettings = {
				ALWAYS_SEARCH_USER_PATHS = NO;
				CLANG_ANALYZER_NONNULL = YES;
				CLANG_ANALYZER_NUMBER_OBJECT_CONVERSION = YES_AGGRESSIVE;
				CLANG_CXX_LANGUAGE_STANDARD = "gnu++14";
				CLANG_CXX_LIBRARY = "libc++";
				CLANG_ENABLE_MODULES = YES;
				CLANG_ENABLE_OBJC_ARC = YES;
				CLANG_ENABLE_OBJC_WEAK = YES;
				CLANG_WARN_BLOCK_CAPTURE_AUTORELEASING = YES;
				CLANG_WARN_BOOL_CONVERSION = YES;
				CLANG_WARN_COMMA = YES;
				CLANG_WARN_CONSTANT_CONVERSION = YES;
				CLANG_WARN_DEPRECATED_OBJC_IMPLEMENTATIONS = YES;
				CLANG_WARN_DIRECT_OBJC_ISA_USAGE = YES_ERROR;
				CLANG_WARN_DOCUMENTATION_COMMENTS = YES;
				CLANG_WARN_EMPTY_BODY = YES;
				CLANG_WARN_ENUM_CONVERSION = YES;
				CLANG_WARN_INFINITE_RECURSION = YES;
				CLANG_WARN_INT_CONVERSION = YES;
				CLANG_WARN_NON_LITERAL_NULL_CONVERSION = YES;
				CLANG_WARN_OBJC_IMPLICIT_RETAIN_SELF = YES;
				CLANG_WARN_OBJC_LITERAL_CONVERSION = YES;
				CLANG_WARN_OBJC_ROOT_CLASS = YES_ERROR;
				CLANG_WARN_QUOTED_INCLUDE_IN_FRAMEWORK_HEADER = YES;
				CLANG_WARN_RANGE_LOOP_ANALYSIS = YES;
				CLANG_WARN_STRICT_PROTOTYPES = YES;
				CLANG_WARN_SUSPICIOUS_MOVE = YES;
				CLANG_WARN_UNGUARDED_AVAILABILITY = YES_AGGRESSIVE;
				CLANG_WARN_UNREACHABLE_CODE = YES;
				CLANG_WARN__DUPLICATE_METHOD_MATCH = YES;
				COPY_PHASE_STRIP = NO;
				DEBUG_INFORMATION_FORMAT = "dwarf-with-dsym";
				ENABLE_PREVIEWS = YES;
				ENABLE_STRICT_OBJC_MSGSEND = YES;
				ENABLE_TESTABILITY = YES;
				GCC_C_LANGUAGE_STANDARD = gnu11;
				GCC_DYNAMIC_NO_PIC = NO;
				GCC_NO_COMMON_BLOCKS = YES;
				GCC_OPTIMIZATION_LEVEL = 0;
				GCC_PREPROCESSOR_DEFINITIONS = (
					"$(inherited)",
					"DEBUG=1",
				);
				GCC_WARN_64_TO_32_BIT_CONVERSION = YES;
				GCC_WARN_ABOUT_RETURN_TYPE = YES_ERROR;
				GCC_WARN_UNDECLARED_SELECTOR = YES;
				GCC_WARN_UNINITIALIZED_AUTOS = YES_AGGRESSIVE;
				GCC_WARN_UNUSED_FUNCTION = YES;
				GCC_WARN_UNUSED_VARIABLE = YES;
				IPHONEOS_DEPLOYMENT_TARGET = 17.0;
				MTL_ENABLE_DEBUG_INFO = INCLUDE_SOURCE;
				MTL_FAST_MATH = YES;
				ONLY_ACTIVE_ARCH = YES;
				PRODUCT_NAME = "$(TARGET_NAME)";
				SDKROOT = iphoneos;
				SWIFT_ACTIVE_COMPILATION_CONDITIONS = DEBUG;
				SWIFT_OPTIMIZATION_LEVEL = "-Onone";
				SWIFT_VERSION = 5.9;
			};
			name = Debug;
		};
/* End XCBuildConfiguration section */

/* Begin XCConfigurationList section */
		2915047BEA5FABEC10D5A77E /* Build configuration list for PBXNativeTarget "FormCoach" */ = {
			isa = XCConfigurationList;
			buildConfigurations = (
				4149B5FDD9A2DFE887901717 /* Debug */,
				A36B56D3B8A4CABEDBB5B794 /* Release */,
			);
			defaultConfigurationIsVisible = 0;
			defaultConfigurationName = Debug;
		};
		B5BD037348CD67BC2F582BE6 /* Build configuration list for PBXProject "FormCoach" */ = {
			isa = XCConfigurationList;
			buildConfigurations = (
				F94C2CF8B02128E799D648DE /* Debug */,
				5C43473D13D353C292142D99 /* Release */,
			);
			defaultConfigurationIsVisible = 0;
			defaultConfigurationName = Debug;
		};
/* End XCConfigurationList section */

/* Begin XCRemoteSwiftPackageReference section */
		21FFCB53C1C9D605D264D0BA /* XCRemoteSwiftPackageReference "supabase-swift" */ = {
			isa = XCRemoteSwiftPackageReference;
			repositoryURL = "https://github.com/supabase/supabase-swift";
			requirement = {
				kind = upToNextMajorVersion;
				minimumVersion = 2.0.0;
			};
		};
/* End XCRemoteSwiftPackageReference section */

/* Begin XCSwiftPackageProductDependency section */
		993F7ACA09176BFED3DBDA41 /* Supabase */ = {
			isa = XCSwiftPackageProductDependency;
			package = 21FFCB53C1C9D605D264D0BA /* XCRemoteSwiftPackageReference "supabase-swift" */;
			productName = Supabase;
		};
/* End XCSwiftPackageProductDependency section */
	};
	rootObject = 040B7D6603090F291E908DEF /* Project object */;
}
